PODS:
  - AliyunOSSiOS (2.10.7)
  - BaiduMapKit (4.0.0)
  - Hyphenate (3.5.1)
  - JCore (1.2.5)
  - JMessage (3.7.0):
    - JCore (~> 1.0)
  - MBProgressHUD (1.0.0)
  - mob_sharesdk (4.2.0):
    - mob_sharesdk/ShareSDK (= 4.2.0)
    - MOBFoundation
  - mob_sharesdk/ShareSDK (4.2.0):
    - MOBFoundation
  - mob_sharesdk/ShareSDKPlatforms/QQ (4.2.0):
    - mob_sharesdk/ShareSDK
    - MOBFoundation
  - mob_sharesdk/ShareSDKPlatforms/SinaWeibo (4.2.0):
    - mob_sharesdk/ShareSDK
    - MOBFoundation
  - mob_sharesdk/ShareSDKPlatforms/WeChat (4.2.0):
    - mob_sharesdk/ShareSDK
    - MOBFoundation
  - mob_sharesdk/ShareSDKUI (4.2.0):
    - mob_sharesdk/ShareSDK
    - MOBFoundation
  - MOBFoundation (3.1.9)
  - React/ART (0.50.4):
    - React/Core
  - React/BatchedBridge (0.50.4):
    - React/Core
    - React/cxxreact_legacy
  - React/Core (0.50.4):
    - yoga (= 0.50.4.React)
  - React/cxxreact_legacy (0.50.4):
    - React/jschelpers_legacy
  - React/DevSupport (0.50.4):
    - React/Core
    - React/RCTWebSocket
  - React/fishhook (0.50.4)
  - React/jschelpers_legacy (0.50.4)
  - React/RCTActionSheet (0.50.4):
    - React/Core
  - React/RCTAnimation (0.50.4):
    - React/Core
  - React/RCTBlob (0.50.4):
    - React/Core
  - React/RCTCameraRoll (0.50.4):
    - React/Core
    - React/RCTImage
  - React/RCTGeolocation (0.50.4):
    - React/Core
  - React/RCTImage (0.50.4):
    - React/Core
    - React/RCTNetwork
  - React/RCTLinkingIOS (0.50.4):
    - React/Core
  - React/RCTNetwork (0.50.4):
    - React/Core
  - React/RCTPushNotification (0.50.4):
    - React/Core
  - React/RCTSettings (0.50.4):
    - React/Core
  - React/RCTText (0.50.4):
    - React/Core
  - React/RCTVibration (0.50.4):
    - React/Core
  - React/RCTWebSocket (0.50.4):
    - React/Core
    - React/fishhook
    - React/RCTBlob
  - RedpacketAliAuthLib (1.1.4):
    - RedPacketAlipay
  - RedPacketAlipay (15.0.2)
  - RxCocoa (3.6.1):
    - RxSwift (~> 3.6)
  - RxSwift (3.6.1)
  - UMengAnalytics-NO-IDFA (4.2.5)
  - YHPhotoKit (0.2.1)
  - YHPopupView (0.3.0)
  - yoga (0.50.4.React)
  - YYModel (1.0.4)

DEPENDENCIES:
  - AliyunOSSiOS
  - BaiduMapKit (~> 4.0.0)
  - Hyphenate
  - JMessage (~> 3.7.0)
  - MBProgressHUD (~> 1.0.0)
  - mob_sharesdk
  - mob_sharesdk/ShareSDKPlatforms/QQ
  - mob_sharesdk/ShareSDKPlatforms/SinaWeibo
  - mob_sharesdk/ShareSDKPlatforms/WeChat
  - mob_sharesdk/ShareSDKUI
  - React/ART (from `./react-native/node_modules/react-native`)
  - React/BatchedBridge (from `./react-native/node_modules/react-native`)
  - React/Core (from `./react-native/node_modules/react-native`)
  - React/DevSupport (from `./react-native/node_modules/react-native`)
  - React/RCTActionSheet (from `./react-native/node_modules/react-native`)
  - React/RCTAnimation (from `./react-native/node_modules/react-native`)
  - React/RCTCameraRoll (from `./react-native/node_modules/react-native`)
  - React/RCTGeolocation (from `./react-native/node_modules/react-native`)
  - React/RCTImage (from `./react-native/node_modules/react-native`)
  - React/RCTLinkingIOS (from `./react-native/node_modules/react-native`)
  - React/RCTNetwork (from `./react-native/node_modules/react-native`)
  - React/RCTPushNotification (from `./react-native/node_modules/react-native`)
  - React/RCTSettings (from `./react-native/node_modules/react-native`)
  - React/RCTText (from `./react-native/node_modules/react-native`)
  - React/RCTVibration (from `./react-native/node_modules/react-native`)
  - React/RCTWebSocket (from `./react-native/node_modules/react-native`)
  - RedpacketAliAuthLib (~> 1.1.4)
  - RxCocoa (~> 3.6.1)
  - RxSwift (~> 3.6.1)
  - UMengAnalytics-NO-IDFA
  - YHPhotoKit
  - YHPopupView
  - yoga (from `./react-native/node_modules/react-native/ReactCommon/yoga`)
  - YYModel

SPEC REPOS:
  https://github.com/cocoapods/specs.git:
    - AliyunOSSiOS
    - BaiduMapKit
    - Hyphenate
    - JCore
    - JMessage
    - MBProgressHUD
    - mob_sharesdk
    - MOBFoundation
    - RedpacketAliAuthLib
    - RedPacketAlipay
    - RxCocoa
    - RxSwift
    - UMengAnalytics-NO-IDFA
    - YHPhotoKit
    - YHPopupView
    - YYModel

EXTERNAL SOURCES:
  React:
    :path: "./react-native/node_modules/react-native"
  yoga:
    :path: "./react-native/node_modules/react-native/ReactCommon/yoga"

SPEC CHECKSUMS:
  AliyunOSSiOS: 602b6a4e70e62a5f0a6431c20496343141d7e66f
  BaiduMapKit: 8fa2eb2ca81b92b740b19d9ff3b59d751d3e92e1
  Hyphenate: 02e3934f1bef0c25e6e5f46bd0940df740922957
  JCore: 14706de2640b25fb77dbd02332696491407f37c9
  JMessage: 90c194ca878a1724694da320aad4867b489276e9
  MBProgressHUD: 4890f671c94e8a0f3cf959aa731e9de2f036d71a
  mob_sharesdk: fc8a9aab921c08e5e88a5b1f36229c6d406a2ff8
  MOBFoundation: 11500153c10d83e4ac341f6ad6301b3998ce6db2
  React: 541ba768b9855e10cdc76f55427a5cd0653ca806
  RedpacketAliAuthLib: 6173b52c25ab728db907da89fbcda3200d1cf98a
  RedPacketAlipay: a5de6db2e2671fc9255d6d396be869e3ba2f0489
  RxCocoa: 84a08739ab186248c7f31ce4ee92d6f8a947d690
  RxSwift: f9de85ea20cd2f7716ee5409fc13523dc638e4e4
  UMengAnalytics-NO-IDFA: 16666e32edce5be44ae5b14aaaa7f3582e09d6ab
  YHPhotoKit: e88368af1fca0a110d41b88417088f7e49876981
  YHPopupView: 96d9c05c79a2a17cf69c3def09e5305cfae9e8e8
  yoga: 17521bbb0dd54a47c0b3ac43253e78cdac7488e0
  YYModel: 2a7fdd96aaa4b86a824e26d0c517de8928c04b30

PODFILE CHECKSUM: 9fafd4818fd157c1ddd36a0d39cd427f88a4ce60

COCOAPODS: 1.5.3
