PODS:
  - AliyunOSSiOS (2.10.7)
  - ASExtendedCircularMenu (0.1.1)
  - BaiduMapKit (4.0.0)
  - Bugly (2.5.0)
  - HandyJSON (5.0.0)
  - IQKeyboardManager (6.3.0)
  - JCore (2.0.0)
  - JMessage (3.8.1):
    - JCore (< 3.0.0, >= 1.0.0)
  - JPush (3.2.0):
    - JCore (< 3.0.0, >= 2.0.0)
  - JShare (1.6.0):
    - JCore (< 3.0.0, >= 1.2.0)
  - LBXScan/LBXNative (2.3):
    - LBXScan/Types (~> 2.2)
  - LBXScan/LBXZBar (2.3):
    - LBXScan/Types (~> 2.2)
    - ZBarSDK (~> 1.3.1)
  - LBXScan/LBXZXing (2.3):
    - LBXScan/Types (~> 2.2)
  - LBXScan/Types (2.3)
  - LBXScan/UI (2.3):
    - LBXScan/Types (~> 2.2)
  - LTScrollView (0.2.1)
  - MBProgressHUD (1.0.0)
  - mob_sharesdk (4.2.5):
    - mob_sharesdk/ShareSDK (= 4.2.5)
    - MOBFoundation
  - mob_sharesdk/ShareSDK (4.2.5):
    - MOBFoundation
  - mob_sharesdk/ShareSDKPlatforms/QQ (4.2.5):
    - mob_sharesdk/ShareSDK
    - MOBFoundation
  - mob_sharesdk/ShareSDKPlatforms/SinaWeibo (4.2.5):
    - mob_sharesdk/ShareSDK
    - MOBFoundation
  - mob_sharesdk/ShareSDKPlatforms/WeChat (4.2.5):
    - mob_sharesdk/ShareSDK
    - MOBFoundation
  - mob_sharesdk/ShareSDKUI (4.2.5):
    - mob_sharesdk/ShareSDK
    - MOBFoundation
  - MOBFoundation (3.2.2)
  - ReactiveObjC (2.1.2)
  - RedpacketAliAuthLib (1.1.4):
    - RedPacketAlipay
  - RedPacketAlipay (15.0.2)
  - RxCocoa (4.5.0):
    - RxSwift (>= 4.4.2, ~> 4.4)
  - RxSwift (4.5.0)
  - SnapKit (4.0.1)
  - Starscream (3.1.0)
  - UMengAnalytics-NO-IDFA (4.2.5)
  - YHPhotoKit (0.2.1)
  - YHPopupView (0.3.0)
  - YYModel (1.0.4)
  - ZBarSDK (1.3.1)

DEPENDENCIES:
  - AliyunOSSiOS
  - ASExtendedCircularMenu (from `https://github.com/anshul18895/ASExtendedCircularMenu`)
  - BaiduMapKit (~> 4.0.0)
  - Bugly
  - HandyJSON (~> 5.0.0-beta.1)
  - IQKeyboardManager
  - JMessage (~> 3.8.1)
  - JPush
  - JShare
  - LBXScan/LBXNative (~> 2.3)
  - LBXScan/LBXZBar (~> 2.3)
  - LBXScan/LBXZXing (~> 2.3)
  - LBXScan/UI (~> 2.3)
  - LTScrollView
  - MBProgressHUD (~> 1.0.0)
  - mob_sharesdk
  - mob_sharesdk/ShareSDKPlatforms/QQ
  - mob_sharesdk/ShareSDKPlatforms/SinaWeibo
  - mob_sharesdk/ShareSDKPlatforms/WeChat
  - mob_sharesdk/ShareSDKUI
  - ReactiveObjC (~> 2.1.0)
  - RedpacketAliAuthLib (~> 1.1.4)
  - RxCocoa (~> 4.0)
  - RxSwift (~> 4.0)
  - SnapKit (~> 4.0.0)
  - Starscream
  - UMengAnalytics-NO-IDFA
  - YHPhotoKit
  - YHPopupView
  - YYModel

SPEC REPOS:
  https://github.com/cocoapods/specs.git:
    - AliyunOSSiOS
    - BaiduMapKit
    - Bugly
    - HandyJSON
    - IQKeyboardManager
    - JCore
    - JMessage
    - JPush
    - JShare
    - LBXScan
    - LTScrollView
    - MBProgressHUD
    - mob_sharesdk
    - MOBFoundation
    - ReactiveObjC
    - RedpacketAliAuthLib
    - RedPacketAlipay
    - RxCocoa
    - RxSwift
    - SnapKit
    - Starscream
    - UMengAnalytics-NO-IDFA
    - YHPhotoKit
    - YHPopupView
    - YYModel
    - ZBarSDK

EXTERNAL SOURCES:
  ASExtendedCircularMenu:
    :git: https://github.com/anshul18895/ASExtendedCircularMenu

CHECKOUT OPTIONS:
  ASExtendedCircularMenu:
    :commit: a8e613186eb449272354cef2df11269bc2d3117b
    :git: https://github.com/anshul18895/ASExtendedCircularMenu

SPEC CHECKSUMS:
  AliyunOSSiOS: 602b6a4e70e62a5f0a6431c20496343141d7e66f
  ASExtendedCircularMenu: c6012cee87d7686981c2f0d184a461ae41c5dac0
  BaiduMapKit: 8fa2eb2ca81b92b740b19d9ff3b59d751d3e92e1
  Bugly: 3ca9f255c01025582df26f9222893b383c7e4b4e
  HandyJSON: 992f2d661716d6a91de82d0056927bc7813b5770
  IQKeyboardManager: 2ca9d64893247556f53523dcd8d78641f0ba7c23
  JCore: b962a2a1a61dc911ce5e79ba3ff21a95edaf5d23
  JMessage: 2f1612060a3dfe362cf642898553ad8e49b5919f
  JPush: 8459e7a709ad86f95884fcb49cbd57a6da24744e
  JShare: a25b46aa9fd327ba86fe2ebaf02e5441441d5212
  LBXScan: e51449f0832d1fe17da632af0d22adeb3cfa3543
  LTScrollView: 93fff4aed9f9545f541a99b320b27808f5307c12
  MBProgressHUD: 4890f671c94e8a0f3cf959aa731e9de2f036d71a
  mob_sharesdk: 260b7d0d1c4cc5f95711e709012f9eafa57c9965
  MOBFoundation: b5ff4038ddb9a0f06b685b86408f905a10aa147c
  ReactiveObjC: 7b6782ae39f9ac0f57205c3b0c0b69b9dd7048c0
  RedpacketAliAuthLib: 6173b52c25ab728db907da89fbcda3200d1cf98a
  RedPacketAlipay: a5de6db2e2671fc9255d6d396be869e3ba2f0489
  RxCocoa: cbf70265dc65a981d4ac982e513c10cf23df24a0
  RxSwift: f172070dfd1a93d70a9ab97a5a01166206e1c575
  SnapKit: 0de968a9fec17499afa29683b05d0c775b6d1c29
  Starscream: 08172b481e145289c4930cb567230fb55897cfa4
  UMengAnalytics-NO-IDFA: 16666e32edce5be44ae5b14aaaa7f3582e09d6ab
  YHPhotoKit: e88368af1fca0a110d41b88417088f7e49876981
  YHPopupView: 96d9c05c79a2a17cf69c3def09e5305cfae9e8e8
  YYModel: 2a7fdd96aaa4b86a824e26d0c517de8928c04b30
  ZBarSDK: 4c1b5daeb7d6cc67dc9355e690af0230a661f6ec

PODFILE CHECKSUM: 1f6f17f76746f94847517daef5fde43f0e527183

COCOAPODS: 1.6.1
